
Microsoft Visual Studio Solution File, Format Version 12.00
# Visual Studio Version 17
VisualStudioVersion = 17.5.002.0
MinimumVisualStudioVersion = 10.0.40219.1
Project("{9A19103F-16F7-4668-BE54-9A1E7A4F7556}") = "cs-webapi", "cs-webapi.csproj", "{B2668A61-A2D2-4C14-833A-34E89837BC6E}"
EndProject
Global
	GlobalSection(SolutionConfigurationPlatforms) = preSolution
		Debug|Any CPU = Debug|Any CPU
		Release|Any CPU = Release|Any CPU
	EndGlobalSection
	GlobalSection(ProjectConfigurationPlatforms) = postSolution
		{B2668A61-A2D2-4C14-833A-34E89837BC6E}.Debug|Any CPU.ActiveCfg = Debug|Any CPU
		{B2668A61-A2D2-4C14-833A-34E89837BC6E}.Debug|Any CPU.Build.0 = Debug|Any CPU
		{B2668A61-A2D2-4C14-833A-34E89837BC6E}.Release|Any CPU.ActiveCfg = Release|Any CPU
		{B2668A61-A2D2-4C14-833A-34E89837BC6E}.Release|Any CPU.Build.0 = Release|Any CPU
	EndGlobalSection
	GlobalSection(SolutionProperties) = preSolution
		HideSolutionNode = FALSE
	EndGlobalSection
	GlobalSection(ExtensibilityGlobals) = postSolution
		SolutionGuid = {045FD3B6-0FF6-41CD-BA60-1F7EF5FF6E17}
	EndGlobalSection
EndGlobal
